
Microsoft Visual Studio Solution File, Format Version 12.00
# Visual Studio Version 16
VisualStudioVersion = 16.0.31105.61
MinimumVisualStudioVersion = 10.0.40219.1
Project("{FAE04EC0-301F-11D3-BF4B-00C04F79EFBC}") = "FastFixedIncome.Standard.Library", "FastFixedIncome.Standard.Library\FastFixedIncome.Standard.Library.csproj", "{2F50BD4E-6BEB-4F6A-8F12-F6FD4C429C01}"
EndProject
Project("{FAE04EC0-301F-11D3-BF4B-00C04F79EFBC}") = "FastFixedIncome.Standard.UnitTests", "FastFixedIncome.Standard.UnitTests\FastFixedIncome.Standard.UnitTests.csproj", "{1D325F93-8992-4CBF-B28E-21F67283B392}"
EndProject
Project("{FAE04EC0-301F-11D3-BF4B-00C04F79EFBC}") = "FastFixedIncome.Standard.Console", "FastFixedIncome.Standard.Console\FastFixedIncome.Standard.Console.csproj", "{32E84F12-019F-45F0-B3A9-9908389B7ACD}"
EndProject
Global
	GlobalSection(SolutionConfigurationPlatforms) = preSolution
		Debug|Any CPU = Debug|Any CPU
		Release|Any CPU = Release|Any CPU
	EndGlobalSection
	GlobalSection(ProjectConfigurationPlatforms) = postSolution
		{2F50BD4E-6BEB-4F6A-8F12-F6FD4C429C01}.Debug|Any CPU.ActiveCfg = Debug|Any CPU
		{2F50BD4E-6BEB-4F6A-8F12-F6FD4C429C01}.Debug|Any CPU.Build.0 = Debug|Any CPU
		{2F50BD4E-6BEB-4F6A-8F12-F6FD4C429C01}.Release|Any CPU.ActiveCfg = Release|Any CPU
		{2F50BD4E-6BEB-4F6A-8F12-F6FD4C429C01}.Release|Any CPU.Build.0 = Release|Any CPU
		{1D325F93-8992-4CBF-B28E-21F67283B392}.Debug|Any CPU.ActiveCfg = Debug|Any CPU
		{1D325F93-8992-4CBF-B28E-21F67283B392}.Debug|Any CPU.Build.0 = Debug|Any CPU
		{1D325F93-8992-4CBF-B28E-21F67283B392}.Release|Any CPU.ActiveCfg = Release|Any CPU
		{1D325F93-8992-4CBF-B28E-21F67283B392}.Release|Any CPU.Build.0 = Release|Any CPU
		{32E84F12-019F-45F0-B3A9-9908389B7ACD}.Debug|Any CPU.ActiveCfg = Debug|Any CPU
		{32E84F12-019F-45F0-B3A9-9908389B7ACD}.Debug|Any CPU.Build.0 = Debug|Any CPU
		{32E84F12-019F-45F0-B3A9-9908389B7ACD}.Release|Any CPU.ActiveCfg = Release|Any CPU
		{32E84F12-019F-45F0-B3A9-9908389B7ACD}.Release|Any CPU.Build.0 = Release|Any CPU
	EndGlobalSection
	GlobalSection(SolutionProperties) = preSolution
		HideSolutionNode = FALSE
	EndGlobalSection
	GlobalSection(ExtensibilityGlobals) = postSolution
		SolutionGuid = {879F0D3F-2A04-41BD-BCD7-DAA79020B839}
	EndGlobalSection
EndGlobal
